
Microsoft Visual Studio Solution File, Format Version 12.00
# Visual Studio Version 17
VisualStudioVersion = 17.8.34330.188
MinimumVisualStudioVersion = 10.0.40219.1
Project("{FAE04EC0-301F-11D3-BF4B-00C04F79EFBC}") = "stopwatch", "stopwatch\stopwatch.csproj", "{392E89D7-4749-47D2-952B-ADD3C9940774}"
EndProject
Global
	GlobalSection(SolutionConfigurationPlatforms) = preSolution
		Debug|Any CPU = Debug|Any CPU
		Release|Any CPU = Release|Any CPU
	EndGlobalSection
	GlobalSection(ProjectConfigurationPlatforms) = postSolution
		{392E89D7-4749-47D2-952B-ADD3C9940774}.Debug|Any CPU.ActiveCfg = Debug|Any CPU
		{392E89D7-4749-47D2-952B-ADD3C9940774}.Debug|Any CPU.Build.0 = Debug|Any CPU
		{392E89D7-4749-47D2-952B-ADD3C9940774}.Release|Any CPU.ActiveCfg = Release|Any CPU
		{392E89D7-4749-47D2-952B-ADD3C9940774}.Release|Any CPU.Build.0 = Release|Any CPU
	EndGlobalSection
	GlobalSection(SolutionProperties) = preSolution
		HideSolutionNode = FALSE
	EndGlobalSection
	GlobalSection(ExtensibilityGlobals) = postSolution
		SolutionGuid = {616B0E1A-B33F-4752-9D66-205679638CC3}
	EndGlobalSection
EndGlobal
